{
  "requires": true,
  "lockfileVersion": 1,
  "dependencies": {
    "angular2-materialize": {
      "version": "15.1.10",
      "resolved": "https://registry.npmjs.org/angular2-materialize/-/angular2-materialize-15.1.10.tgz",
      "integrity": "sha1-d17LSgs5tXieOkAOYMZ7xIyFNN8="
    },
    "bootstrap": {
      "version": "4.5.2",
      "resolved": "https://registry.npmjs.org/bootstrap/-/bootstrap-4.5.2.tgz",
      "integrity": "sha512-vlGn0bcySYl/iV+BGA544JkkZP5LB3jsmkeKLFQakCOwCM3AOk7VkldBz4jrzSe+Z0Ezn99NVXa1o45cQY4R6A=="
    },
    "hammerjs": {
      "version": "2.0.8",
      "resolved": "https://registry.npmjs.org/hammerjs/-/hammerjs-2.0.8.tgz",
      "integrity": "sha1-BO93hiz/K7edMPdpIJWTAiK/YPE="
    },
    "jquery": {
      "version": "2.2.4",
      "resolved": "https://registry.npmjs.org/jquery/-/jquery-2.2.4.tgz",
      "integrity": "sha1-LInWiJterFIqfuoywUUhVZxsvwI="
    },
    "materialize-angular": {
      "version": "0.7.10",
      "resolved": "https://registry.npmjs.org/materialize-angular/-/materialize-angular-0.7.10.tgz",
      "integrity": "sha512-6DaUrnswN0b/XKsoqrBslp+NJb8Xunjn94BSEubwghlHs4rLKHpPkfK1k5LCvScXjXk60k1BzR1egsLom6VvqA==",
      "requires": {
        "tslib": "^1.9.0"
      }
    },
    "materialize-css": {
      "version": "1.0.0",
      "resolved": "https://registry.npmjs.org/materialize-css/-/materialize-css-1.0.0.tgz",
      "integrity": "sha512-4/oecXl8y/1i8RDZvyvwAICyqwNoKU4or5uf8uoAd74k76KzZ0Llym4zhJ5lLNUskcqjO0AuMcvNyDkpz8Z6zw=="
    },
    "moment": {
      "version": "2.18.1",
      "resolved": "https://registry.npmjs.org/moment/-/moment-2.18.1.tgz",
      "integrity": "sha1-w2GT3Tzhwu7SrbfIAtu8d6gbHA8="
    },
    "ng2-bootstrap": {
      "version": "1.6.3",
      "resolved": "https://registry.npmjs.org/ng2-bootstrap/-/ng2-bootstrap-1.6.3.tgz",
      "integrity": "sha1-i+9heddDa6VHkBRH8Y/uj/9DVcI=",
      "requires": {
        "moment": "2.18.1"
      }
    },
    "tslib": {
      "version": "1.14.1",
      "resolved": "https://registry.npmjs.org/tslib/-/tslib-1.14.1.tgz",
      "integrity": "sha512-Xni35NKzjgMrwevysHTCArtLDpPvye8zV/0E4EyYn43P7/7qvQwPh9BGkHewbMulVntbigmcT7rdX3BNo9wRJg=="
    }
  }
}
